
Microsoft Visual Studio Solution File, Format Version 12.00
# Visual Studio Version 17
VisualStudioVersion = 17.12.35728.132
MinimumVisualStudioVersion = 10.0.40219.1
Project("{2150E333-8FDC-42A3-9474-1A3956D46DE8}") = "Web", "Web", "{AE7CC792-3BF2-4314-8BA4-993C2FD42CA1}"
EndProject
Project("{2150E333-8FDC-42A3-9474-1A3956D46DE8}") = "Infrastructure", "Infrastructure", "{DF338D3A-4292-439F-A3D0-A7B8B103EF5C}"
EndProject
Project("{2150E333-8FDC-42A3-9474-1A3956D46DE8}") = "Core", "Core", "{0B7968F2-7703-4E78-91FE-8F484A609CD4}"
EndProject
Project("{FAE04EC0-301F-11D3-BF4B-00C04F79EFBC}") = "Infrastructure.Data", "Infrastructure\Infrastructure.Data\Infrastructure.Data.csproj", "{D76B100C-7978-4AB5-870D-E0713D0F13C7}"
EndProject
Project("{FAE04EC0-301F-11D3-BF4B-00C04F79EFBC}") = "Infrastructure.Service", "Infrastructure\Infrastructure.Service\Infrastructure.Service.csproj", "{A46B4246-36ED-4CC9-BCF1-568FC7379D79}"
EndProject
Project("{FAE04EC0-301F-11D3-BF4B-00C04F79EFBC}") = "NexaShopify.Core.Common", "Core\NexaShopify.Core.Common\NexaShopify.Core.Common.csproj", "{62AB7345-AAC8-44F9-80E4-8F03A1BDE0B8}"
EndProject
Project("{FAE04EC0-301F-11D3-BF4B-00C04F79EFBC}") = "NexaShopify.Core.SharedKernel", "Core\NexaShopify.Core.SharedKernel\NexaShopify.Core.SharedKernel.csproj", "{38336A95-3022-4807-8039-081311705EFD}"
EndProject
Project("{FAE04EC0-301F-11D3-BF4B-00C04F79EFBC}") = "NexaShopify.Core.Shop", "Core\NexaShopify.Core.Shop\NexaShopify.Core.Shop.csproj", "{01F0C3FE-FE01-4FBB-A095-FCA026F4639B}"
EndProject
Project("{FAE04EC0-301F-11D3-BF4B-00C04F79EFBC}") = "NexaShopify.Core.Identity", "Core\NexaShopify.Core.Identity\NexaShopify.Core.Identity.csproj", "{92513050-B67E-4FB1-B972-ECDD01DB6723}"
EndProject
Project("{FAE04EC0-301F-11D3-BF4B-00C04F79EFBC}") = "NexaShopify.API", "Web\NexaShopify.API\NexaShopify.API.csproj", "{13BA134B-1EE7-478C-9756-C7105D263F68}"
EndProject
Project("{FAE04EC0-301F-11D3-BF4B-00C04F79EFBC}") = "NexaShopify.Core", "Core\NexaShopify.Core\NexaShopify.Core.csproj", "{F380597A-5F4B-4CCF-BE27-406D6AAF1F5A}"
EndProject
Project("{2150E333-8FDC-42A3-9474-1A3956D46DE8}") = "Tests", "Tests", "{0AB3BF05-4346-4AA6-1389-037BE0695223}"
EndProject
Project("{FAE04EC0-301F-11D3-BF4B-00C04F79EFBC}") = "NexaShopify.Core.Tests", "Tests\NexaShopify.Core.Tests\NexaShopify.Core.Tests.csproj", "{D0178284-6B71-4708-8C1A-D9FBE12B36F2}"
EndProject
Global
	GlobalSection(SolutionConfigurationPlatforms) = preSolution
		Debug|Any CPU = Debug|Any CPU
		Debug|x64 = Debug|x64
		Debug|x86 = Debug|x86
		Release|Any CPU = Release|Any CPU
		Release|x64 = Release|x64
		Release|x86 = Release|x86
	EndGlobalSection
	GlobalSection(ProjectConfigurationPlatforms) = postSolution
		{D76B100C-7978-4AB5-870D-E0713D0F13C7}.Debug|Any CPU.ActiveCfg = Debug|Any CPU
		{D76B100C-7978-4AB5-870D-E0713D0F13C7}.Debug|Any CPU.Build.0 = Debug|Any CPU
		{D76B100C-7978-4AB5-870D-E0713D0F13C7}.Debug|x64.ActiveCfg = Debug|Any CPU
		{D76B100C-7978-4AB5-870D-E0713D0F13C7}.Debug|x64.Build.0 = Debug|Any CPU
		{D76B100C-7978-4AB5-870D-E0713D0F13C7}.Debug|x86.ActiveCfg = Debug|Any CPU
		{D76B100C-7978-4AB5-870D-E0713D0F13C7}.Debug|x86.Build.0 = Debug|Any CPU
		{D76B100C-7978-4AB5-870D-E0713D0F13C7}.Release|Any CPU.ActiveCfg = Release|Any CPU
		{D76B100C-7978-4AB5-870D-E0713D0F13C7}.Release|Any CPU.Build.0 = Release|Any CPU
		{D76B100C-7978-4AB5-870D-E0713D0F13C7}.Release|x64.ActiveCfg = Release|Any CPU
		{D76B100C-7978-4AB5-870D-E0713D0F13C7}.Release|x64.Build.0 = Release|Any CPU
		{D76B100C-7978-4AB5-870D-E0713D0F13C7}.Release|x86.ActiveCfg = Release|Any CPU
		{D76B100C-7978-4AB5-870D-E0713D0F13C7}.Release|x86.Build.0 = Release|Any CPU
		{A46B4246-36ED-4CC9-BCF1-568FC7379D79}.Debug|Any CPU.ActiveCfg = Debug|Any CPU
		{A46B4246-36ED-4CC9-BCF1-568FC7379D79}.Debug|Any CPU.Build.0 = Debug|Any CPU
		{A46B4246-36ED-4CC9-BCF1-568FC7379D79}.Debug|x64.ActiveCfg = Debug|Any CPU
		{A46B4246-36ED-4CC9-BCF1-568FC7379D79}.Debug|x64.Build.0 = Debug|Any CPU
		{A46B4246-36ED-4CC9-BCF1-568FC7379D79}.Debug|x86.ActiveCfg = Debug|Any CPU
		{A46B4246-36ED-4CC9-BCF1-568FC7379D79}.Debug|x86.Build.0 = Debug|Any CPU
		{A46B4246-36ED-4CC9-BCF1-568FC7379D79}.Release|Any CPU.ActiveCfg = Release|Any CPU
		{A46B4246-36ED-4CC9-BCF1-568FC7379D79}.Release|Any CPU.Build.0 = Release|Any CPU
		{A46B4246-36ED-4CC9-BCF1-568FC7379D79}.Release|x64.ActiveCfg = Release|Any CPU
		{A46B4246-36ED-4CC9-BCF1-568FC7379D79}.Release|x64.Build.0 = Release|Any CPU
		{A46B4246-36ED-4CC9-BCF1-568FC7379D79}.Release|x86.ActiveCfg = Release|Any CPU
		{A46B4246-36ED-4CC9-BCF1-568FC7379D79}.Release|x86.Build.0 = Release|Any CPU
		{62AB7345-AAC8-44F9-80E4-8F03A1BDE0B8}.Debug|Any CPU.ActiveCfg = Debug|Any CPU
		{62AB7345-AAC8-44F9-80E4-8F03A1BDE0B8}.Debug|Any CPU.Build.0 = Debug|Any CPU
		{62AB7345-AAC8-44F9-80E4-8F03A1BDE0B8}.Debug|x64.ActiveCfg = Debug|Any CPU
		{62AB7345-AAC8-44F9-80E4-8F03A1BDE0B8}.Debug|x64.Build.0 = Debug|Any CPU
		{62AB7345-AAC8-44F9-80E4-8F03A1BDE0B8}.Debug|x86.ActiveCfg = Debug|Any CPU
		{62AB7345-AAC8-44F9-80E4-8F03A1BDE0B8}.Debug|x86.Build.0 = Debug|Any CPU
		{62AB7345-AAC8-44F9-80E4-8F03A1BDE0B8}.Release|Any CPU.ActiveCfg = Release|Any CPU
		{62AB7345-AAC8-44F9-80E4-8F03A1BDE0B8}.Release|Any CPU.Build.0 = Release|Any CPU
		{62AB7345-AAC8-44F9-80E4-8F03A1BDE0B8}.Release|x64.ActiveCfg = Release|Any CPU
		{62AB7345-AAC8-44F9-80E4-8F03A1BDE0B8}.Release|x64.Build.0 = Release|Any CPU
		{62AB7345-AAC8-44F9-80E4-8F03A1BDE0B8}.Release|x86.ActiveCfg = Release|Any CPU
		{62AB7345-AAC8-44F9-80E4-8F03A1BDE0B8}.Release|x86.Build.0 = Release|Any CPU
		{38336A95-3022-4807-8039-081311705EFD}.Debug|Any CPU.ActiveCfg = Debug|Any CPU
		{38336A95-3022-4807-8039-081311705EFD}.Debug|Any CPU.Build.0 = Debug|Any CPU
		{38336A95-3022-4807-8039-081311705EFD}.Debug|x64.ActiveCfg = Debug|Any CPU
		{38336A95-3022-4807-8039-081311705EFD}.Debug|x64.Build.0 = Debug|Any CPU
		{38336A95-3022-4807-8039-081311705EFD}.Debug|x86.ActiveCfg = Debug|Any CPU
		{38336A95-3022-4807-8039-081311705EFD}.Debug|x86.Build.0 = Debug|Any CPU
		{38336A95-3022-4807-8039-081311705EFD}.Release|Any CPU.ActiveCfg = Release|Any CPU
		{38336A95-3022-4807-8039-081311705EFD}.Release|Any CPU.Build.0 = Release|Any CPU
		{38336A95-3022-4807-8039-081311705EFD}.Release|x64.ActiveCfg = Release|Any CPU
		{38336A95-3022-4807-8039-081311705EFD}.Release|x64.Build.0 = Release|Any CPU
		{38336A95-3022-4807-8039-081311705EFD}.Release|x86.ActiveCfg = Release|Any CPU
		{38336A95-3022-4807-8039-081311705EFD}.Release|x86.Build.0 = Release|Any CPU
		{01F0C3FE-FE01-4FBB-A095-FCA026F4639B}.Debug|Any CPU.ActiveCfg = Debug|Any CPU
		{01F0C3FE-FE01-4FBB-A095-FCA026F4639B}.Debug|Any CPU.Build.0 = Debug|Any CPU
		{01F0C3FE-FE01-4FBB-A095-FCA026F4639B}.Debug|x64.ActiveCfg = Debug|Any CPU
		{01F0C3FE-FE01-4FBB-A095-FCA026F4639B}.Debug|x64.Build.0 = Debug|Any CPU
		{01F0C3FE-FE01-4FBB-A095-FCA026F4639B}.Debug|x86.ActiveCfg = Debug|Any CPU
		{01F0C3FE-FE01-4FBB-A095-FCA026F4639B}.Debug|x86.Build.0 = Debug|Any CPU
		{01F0C3FE-FE01-4FBB-A095-FCA026F4639B}.Release|Any CPU.ActiveCfg = Release|Any CPU
		{01F0C3FE-FE01-4FBB-A095-FCA026F4639B}.Release|Any CPU.Build.0 = Release|Any CPU
		{01F0C3FE-FE01-4FBB-A095-FCA026F4639B}.Release|x64.ActiveCfg = Release|Any CPU
		{01F0C3FE-FE01-4FBB-A095-FCA026F4639B}.Release|x64.Build.0 = Release|Any CPU
		{01F0C3FE-FE01-4FBB-A095-FCA026F4639B}.Release|x86.ActiveCfg = Release|Any CPU
		{01F0C3FE-FE01-4FBB-A095-FCA026F4639B}.Release|x86.Build.0 = Release|Any CPU
		{92513050-B67E-4FB1-B972-ECDD01DB6723}.Debug|Any CPU.ActiveCfg = Debug|Any CPU
		{92513050-B67E-4FB1-B972-ECDD01DB6723}.Debug|Any CPU.Build.0 = Debug|Any CPU
		{92513050-B67E-4FB1-B972-ECDD01DB6723}.Debug|x64.ActiveCfg = Debug|Any CPU
		{92513050-B67E-4FB1-B972-ECDD01DB6723}.Debug|x64.Build.0 = Debug|Any CPU
		{92513050-B67E-4FB1-B972-ECDD01DB6723}.Debug|x86.ActiveCfg = Debug|Any CPU
		{92513050-B67E-4FB1-B972-ECDD01DB6723}.Debug|x86.Build.0 = Debug|Any CPU
		{92513050-B67E-4FB1-B972-ECDD01DB6723}.Release|Any CPU.ActiveCfg = Release|Any CPU
		{92513050-B67E-4FB1-B972-ECDD01DB6723}.Release|Any CPU.Build.0 = Release|Any CPU
		{92513050-B67E-4FB1-B972-ECDD01DB6723}.Release|x64.ActiveCfg = Release|Any CPU
		{92513050-B67E-4FB1-B972-ECDD01DB6723}.Release|x64.Build.0 = Release|Any CPU
		{92513050-B67E-4FB1-B972-ECDD01DB6723}.Release|x86.ActiveCfg = Release|Any CPU
		{92513050-B67E-4FB1-B972-ECDD01DB6723}.Release|x86.Build.0 = Release|Any CPU
		{13BA134B-1EE7-478C-9756-C7105D263F68}.Debug|Any CPU.ActiveCfg = Debug|Any CPU
		{13BA134B-1EE7-478C-9756-C7105D263F68}.Debug|Any CPU.Build.0 = Debug|Any CPU
		{13BA134B-1EE7-478C-9756-C7105D263F68}.Debug|x64.ActiveCfg = Debug|Any CPU
		{13BA134B-1EE7-478C-9756-C7105D263F68}.Debug|x64.Build.0 = Debug|Any CPU
		{13BA134B-1EE7-478C-9756-C7105D263F68}.Debug|x86.ActiveCfg = Debug|Any CPU
		{13BA134B-1EE7-478C-9756-C7105D263F68}.Debug|x86.Build.0 = Debug|Any CPU
		{13BA134B-1EE7-478C-9756-C7105D263F68}.Release|Any CPU.ActiveCfg = Release|Any CPU
		{13BA134B-1EE7-478C-9756-C7105D263F68}.Release|Any CPU.Build.0 = Release|Any CPU
		{13BA134B-1EE7-478C-9756-C7105D263F68}.Release|x64.ActiveCfg = Release|Any CPU
		{13BA134B-1EE7-478C-9756-C7105D263F68}.Release|x64.Build.0 = Release|Any CPU
		{13BA134B-1EE7-478C-9756-C7105D263F68}.Release|x86.ActiveCfg = Release|Any CPU
		{13BA134B-1EE7-478C-9756-C7105D263F68}.Release|x86.Build.0 = Release|Any CPU
		{F380597A-5F4B-4CCF-BE27-406D6AAF1F5A}.Debug|Any CPU.ActiveCfg = Debug|Any CPU
		{F380597A-5F4B-4CCF-BE27-406D6AAF1F5A}.Debug|Any CPU.Build.0 = Debug|Any CPU
		{F380597A-5F4B-4CCF-BE27-406D6AAF1F5A}.Debug|x64.ActiveCfg = Debug|Any CPU
		{F380597A-5F4B-4CCF-BE27-406D6AAF1F5A}.Debug|x64.Build.0 = Debug|Any CPU
		{F380597A-5F4B-4CCF-BE27-406D6AAF1F5A}.Debug|x86.ActiveCfg = Debug|Any CPU
		{F380597A-5F4B-4CCF-BE27-406D6AAF1F5A}.Debug|x86.Build.0 = Debug|Any CPU
		{F380597A-5F4B-4CCF-BE27-406D6AAF1F5A}.Release|Any CPU.ActiveCfg = Release|Any CPU
		{F380597A-5F4B-4CCF-BE27-406D6AAF1F5A}.Release|Any CPU.Build.0 = Release|Any CPU
		{F380597A-5F4B-4CCF-BE27-406D6AAF1F5A}.Release|x64.ActiveCfg = Release|Any CPU
		{F380597A-5F4B-4CCF-BE27-406D6AAF1F5A}.Release|x64.Build.0 = Release|Any CPU
		{F380597A-5F4B-4CCF-BE27-406D6AAF1F5A}.Release|x86.ActiveCfg = Release|Any CPU
		{F380597A-5F4B-4CCF-BE27-406D6AAF1F5A}.Release|x86.Build.0 = Release|Any CPU
		{D0178284-6B71-4708-8C1A-D9FBE12B36F2}.Debug|Any CPU.ActiveCfg = Debug|Any CPU
		{D0178284-6B71-4708-8C1A-D9FBE12B36F2}.Debug|Any CPU.Build.0 = Debug|Any CPU
		{D0178284-6B71-4708-8C1A-D9FBE12B36F2}.Debug|x64.ActiveCfg = Debug|Any CPU
		{D0178284-6B71-4708-8C1A-D9FBE12B36F2}.Debug|x64.Build.0 = Debug|Any CPU
		{D0178284-6B71-4708-8C1A-D9FBE12B36F2}.Debug|x86.ActiveCfg = Debug|Any CPU
		{D0178284-6B71-4708-8C1A-D9FBE12B36F2}.Debug|x86.Build.0 = Debug|Any CPU
		{D0178284-6B71-4708-8C1A-D9FBE12B36F2}.Release|Any CPU.ActiveCfg = Release|Any CPU
		{D0178284-6B71-4708-8C1A-D9FBE12B36F2}.Release|Any CPU.Build.0 = Release|Any CPU
		{D0178284-6B71-4708-8C1A-D9FBE12B36F2}.Release|x64.ActiveCfg = Release|Any CPU
		{D0178284-6B71-4708-8C1A-D9FBE12B36F2}.Release|x64.Build.0 = Release|Any CPU
		{D0178284-6B71-4708-8C1A-D9FBE12B36F2}.Release|x86.ActiveCfg = Release|Any CPU
		{D0178284-6B71-4708-8C1A-D9FBE12B36F2}.Release|x86.Build.0 = Release|Any CPU
	EndGlobalSection
	GlobalSection(SolutionProperties) = preSolution
		HideSolutionNode = FALSE
	EndGlobalSection
	GlobalSection(NestedProjects) = preSolution
		{D76B100C-7978-4AB5-870D-E0713D0F13C7} = {DF338D3A-4292-439F-A3D0-A7B8B103EF5C}
		{A46B4246-36ED-4CC9-BCF1-568FC7379D79} = {DF338D3A-4292-439F-A3D0-A7B8B103EF5C}
		{62AB7345-AAC8-44F9-80E4-8F03A1BDE0B8} = {0B7968F2-7703-4E78-91FE-8F484A609CD4}
		{38336A95-3022-4807-8039-081311705EFD} = {0B7968F2-7703-4E78-91FE-8F484A609CD4}
		{01F0C3FE-FE01-4FBB-A095-FCA026F4639B} = {0B7968F2-7703-4E78-91FE-8F484A609CD4}
		{92513050-B67E-4FB1-B972-ECDD01DB6723} = {0B7968F2-7703-4E78-91FE-8F484A609CD4}
		{13BA134B-1EE7-478C-9756-C7105D263F68} = {AE7CC792-3BF2-4314-8BA4-993C2FD42CA1}
		{F380597A-5F4B-4CCF-BE27-406D6AAF1F5A} = {0B7968F2-7703-4E78-91FE-8F484A609CD4}
		{D0178284-6B71-4708-8C1A-D9FBE12B36F2} = {0AB3BF05-4346-4AA6-1389-037BE0695223}
	EndGlobalSection
	GlobalSection(ExtensibilityGlobals) = postSolution
		SolutionGuid = {FFAEA0B8-FB9B-44B8-A8C4-23A13AABBF2B}
	EndGlobalSection
EndGlobal
